
Microsoft Visual Studio Solution File, Format Version 12.00
# Visual Studio Version 16
VisualStudioVersion = 16.0.30611.23
MinimumVisualStudioVersion = 10.0.40219.1
Project("{FAE04EC0-301F-11D3-BF4B-00C04F79EFBC}") = "Simplecsharpapp", "Simplecsharpapp\Simplecsharpapp.csproj", "{BFC37DB8-612E-4F97-8A11-8B0E666DCFF6}"
EndProject
Global
	GlobalSection(SolutionConfigurationPlatforms) = preSolution
		Debug|Any CPU = Debug|Any CPU
		Release|Any CPU = Release|Any CPU
	EndGlobalSection
	GlobalSection(ProjectConfigurationPlatforms) = postSolution
		{BFC37DB8-612E-4F97-8A11-8B0E666DCFF6}.Debug|Any CPU.ActiveCfg = Debug|Any CPU
		{BFC37DB8-612E-4F97-8A11-8B0E666DCFF6}.Debug|Any CPU.Build.0 = Debug|Any CPU
		{BFC37DB8-612E-4F97-8A11-8B0E666DCFF6}.Release|Any CPU.ActiveCfg = Release|Any CPU
		{BFC37DB8-612E-4F97-8A11-8B0E666DCFF6}.Release|Any CPU.Build.0 = Release|Any CPU
	EndGlobalSection
	GlobalSection(SolutionProperties) = preSolution
		HideSolutionNode = FALSE
	EndGlobalSection
	GlobalSection(ExtensibilityGlobals) = postSolution
		SolutionGuid = {6E7752B5-F2D5-4AA9-9D0C-B6ED991BE61A}
	EndGlobalSection
EndGlobal
