
Microsoft Visual Studio Solution File, Format Version 12.00
# Visual Studio Version 16
VisualStudioVersion = 16.0.30611.23
MinimumVisualStudioVersion = 10.0.40219.1
Project("{FAE04EC0-301F-11D3-BF4B-00C04F79EFBC}") = "TypeConversion", "TypeConversion\TypeConversion.csproj", "{C54ECAB2-09AE-45DB-8102-377FB0098356}"
EndProject
Global
	GlobalSection(SolutionConfigurationPlatforms) = preSolution
		Debug|Any CPU = Debug|Any CPU
		Release|Any CPU = Release|Any CPU
	EndGlobalSection
	GlobalSection(ProjectConfigurationPlatforms) = postSolution
		{C54ECAB2-09AE-45DB-8102-377FB0098356}.Debug|Any CPU.ActiveCfg = Debug|Any CPU
		{C54ECAB2-09AE-45DB-8102-377FB0098356}.Debug|Any CPU.Build.0 = Debug|Any CPU
		{C54ECAB2-09AE-45DB-8102-377FB0098356}.Release|Any CPU.ActiveCfg = Release|Any CPU
		{C54ECAB2-09AE-45DB-8102-377FB0098356}.Release|Any CPU.Build.0 = Release|Any CPU
	EndGlobalSection
	GlobalSection(SolutionProperties) = preSolution
		HideSolutionNode = FALSE
	EndGlobalSection
	GlobalSection(ExtensibilityGlobals) = postSolution
		SolutionGuid = {FF2DC5CE-44B0-4CCD-9039-DA7A8AD8CD01}
	EndGlobalSection
EndGlobal
